{
  "name": "IdeasDeLaLuna",
  "lockfileVersion": 3,
  "requires": true,
  "packages": {
    "": {
      "dependencies": {
        "@supabase/supabase-js": "^2.111.0",
        "pdfjs-dist": "^6.2.108"
      }
    },
    "node_modules/@napi-rs/canvas": {
      "version": "1.0.3",
      "resolved": "https://registry.npmjs.org/@napi-rs/canvas/-/canvas-1.0.3.tgz",
      "integrity": "sha512-OlI657a5XXvKGFX7kNeIzJ8rO7IXt87Mqu2H8rXE46viAuOfum/JA7ysX7+eBhxNKznT+RCZh418mndlcFX3+w==",
      "license": "MIT",
      "optional": true,
      "workspaces": [
        "e2e/*"
      ],
      "engines": {
        "node": ">= 10"
      },
      "funding": {
        "type": "github",
        "url": "https://github.com/sponsors/Brooooooklyn"
      },
      "optionalDependencies": {
        "@napi-rs/canvas-android-arm64": "1.0.3",
        "@napi-rs/canvas-darwin-arm64": "1.0.3",
        "@napi-rs/canvas-darwin-x64": "1.0.3",
        "@napi-rs/canvas-linux-arm-gnueabihf": "1.0.3",
        "@napi-rs/canvas-linux-arm64-gnu": "1.0.3",
        "@napi-rs/canvas-linux-arm64-musl": "1.0.3",
        "@napi-rs/canvas-linux-riscv64-gnu": "1.0.3",
        "@napi-rs/canvas-linux-x64-gnu": "1.0.3",
        "@napi-rs/canvas-linux-x64-musl": "1.0.3",
        "@napi-rs/canvas-win32-arm64-msvc": "1.0.3",
        "@napi-rs/canvas-win32-x64-msvc": "1.0.3"
      }
    },
    "node_modules/@napi-rs/canvas-android-arm64": {
      "version": "1.0.3",
      "resolved": "https://registry.npmjs.org/@napi-rs/canvas-android-arm64/-/canvas-android-arm64-1.0.3.tgz",
      "integrity": "sha512-7kSCdUhoXiO+AaIMXdBGdtp6EctZNkmF62Rea/BmVQlwKaM3bBhOzyGUzxyxz9dv5vdBfpyAaxhSRSJF4kqK4A==",
      "cpu": [
        "arm64"
      ],
      "license": "MIT",
      "optional": true,
      "os": [
        "android"
      ],
      "engines": {
        "node": ">= 10"
      },
      "funding": {
        "type": "github",
        "url": "https://github.com/sponsors/Brooooooklyn"
      }
    },
    "node_modules/@napi-rs/canvas-darwin-arm64": {
      "version": "1.0.3",
      "resolved": "https://registry.npmjs.org/@napi-rs/canvas-darwin-arm64/-/canvas-darwin-arm64-1.0.3.tgz",
      "integrity": "sha512-ds14V1BPagLszQyaDTeggny5fNeTCqsUQ5QhFj9VDxSEfzrVxXtdbR0LoFyKa0Siaaw8KvqSk4t7k/WoZJwvbg==",
      "cpu": [
        "arm64"
      ],
      "license": "MIT",
      "optional": true,
      "os": [
        "darwin"
      ],
      "engines": {
        "node": ">= 10"
      },
      "funding": {
        "type": "github",
        "url": "https://github.com/sponsors/Brooooooklyn"
      }
    },
    "node_modules/@napi-rs/canvas-darwin-x64": {
      "version": "1.0.3",
      "resolved": "https://registry.npmjs.org/@napi-rs/canvas-darwin-x64/-/canvas-darwin-x64-1.0.3.tgz",
      "integrity": "sha512-qof3LRAAycmkV2I1izZo9RoSHF8kCQr5O05sFwv0jK8rSdYV6KHVwimo6Qb7RxZj40WHKbLHm5JDaUF0o5XUAA==",
      "cpu": [
        "x64"
      ],
      "license": "MIT",
      "optional": true,
      "os": [
        "darwin"
      ],
      "engines": {
        "node": ">= 10"
      },
      "funding": {
        "type": "github",
        "url": "https://github.com/sponsors/Brooooooklyn"
      }
    },
    "node_modules/@napi-rs/canvas-linux-arm-gnueabihf": {
      "version": "1.0.3",
      "resolved": "https://registry.npmjs.org/@napi-rs/canvas-linux-arm-gnueabihf/-/canvas-linux-arm-gnueabihf-1.0.3.tgz",
      "integrity": "sha512-FU2kKZLmolHA9+KcUA+l1+xH3WTLUUTQDU/kLv9SEUr2TrRPu94aytOeizFJDHPs/QBcw4QL1mCQhetQXYBbag==",
      "cpu": [
        "arm"
      ],
      "license": "MIT",
      "optional": true,
      "os": [
        "linux"
      ],
      "engines": {
        "node": ">= 10"
      },
      "funding": {
        "type": "github",
        "url": "https://github.com/sponsors/Brooooooklyn"
      }
    },
    "node_modules/@napi-rs/canvas-linux-arm64-gnu": {
      "version": "1.0.3",
      "resolved": "https://registry.npmjs.org/@napi-rs/canvas-linux-arm64-gnu/-/canvas-linux-arm64-gnu-1.0.3.tgz",
      "integrity": "sha512-GVSjntxKeA+/y/ZKf1F+cmUw1WeIkE5aMRPqnZUlBTBvBcrvgWccJAWuYCKPX4QJQwZILIIwhgdAbl51yj6fpA==",
      "cpu": [
        "arm64"
      ],
      "license": "MIT",
      "optional": true,
      "os": [
        "linux"
      ],
      "engines": {
        "node": ">= 10"
      },
      "funding": {
        "type": "github",
        "url": "https://github.com/sponsors/Brooooooklyn"
      }
    },
    "node_modules/@napi-rs/canvas-linux-arm64-musl": {
      "version": "1.0.3",
      "resolved": "https://registry.npmjs.org/@napi-rs/canvas-linux-arm64-musl/-/canvas-linux-arm64-musl-1.0.3.tgz",
      "integrity": "sha512-J51oK/axyZ13kxycumSMfLiDZMdWdOVvqDFI28BpuViZHE3A0bQfr8B5vg8YnPEnqLD3BSn1hkdlh2buspEcNQ==",
      "cpu": [
        "arm64"
      ],
      "license": "MIT",
      "optional": true,
      "os": [
        "linux"
      ],
      "engines": {
        "node": ">= 10"
      },
      "funding": {
        "type": "github",
        "url": "https://github.com/sponsors/Brooooooklyn"
      }
    },
    "node_modules/@napi-rs/canvas-linux-riscv64-gnu": {
      "version": "1.0.3",
      "resolved": "https://registry.npmjs.org/@napi-rs/canvas-linux-riscv64-gnu/-/canvas-linux-riscv64-gnu-1.0.3.tgz",
      "integrity": "sha512-CtQgQjoVTX67jS9XuCTtJ40Sl7wRLMguoFnnGnfDmCWf7kzKFZVwj5ynqUOIGKFMSB61ZCuQlwPvVNxYTTseaw==",
      "cpu": [
        "riscv64"
      ],
      "license": "MIT",
      "optional": true,
      "os": [
        "linux"
      ],
      "engines": {
        "node": ">= 10"
      },
      "funding": {
        "type": "github",
        "url": "https://github.com/sponsors/Brooooooklyn"
      }
    },
    "node_modules/@napi-rs/canvas-linux-x64-gnu": {
      "version": "1.0.3",
      "resolved": "https://registry.npmjs.org/@napi-rs/canvas-linux-x64-gnu/-/canvas-linux-x64-gnu-1.0.3.tgz",
      "integrity": "sha512-jtfzAHFp+FRaR7zGT4jyCe6wUgAG/dVb5A4Apd8FY9jKarntDfUAlJXscugiH7ZF5kKnu7/lHFk9LaDPcrGEVQ==",
      "cpu": [
        "x64"
      ],
      "license": "MIT",
      "optional": true,
      "os": [
        "linux"
      ],
      "engines": {
        "node": ">= 10"
      },
      "funding": {
        "type": "github",
        "url": "https://github.com/sponsors/Brooooooklyn"
      }
    },
    "node_modules/@napi-rs/canvas-linux-x64-musl": {
      "version": "1.0.3",
      "resolved": "https://registry.npmjs.org/@napi-rs/canvas-linux-x64-musl/-/canvas-linux-x64-musl-1.0.3.tgz",
      "integrity": "sha512-xTzaUCKUHTY4bCGadeeRZggbRVbGUT1petg7Z8r9AJR2+D9Bqu6nQAgqBGC6D47tA70LjaaaLTrJ7wNY1T74dg==",
      "cpu": [
        "x64"
      ],
      "license": "MIT",
      "optional": true,
      "os": [
        "linux"
      ],
      "engines": {
        "node": ">= 10"
      },
      "funding": {
        "type": "github",
        "url": "https://github.com/sponsors/Brooooooklyn"
      }
    },
    "node_modules/@napi-rs/canvas-win32-arm64-msvc": {
      "version": "1.0.3",
      "resolved": "https://registry.npmjs.org/@napi-rs/canvas-win32-arm64-msvc/-/canvas-win32-arm64-msvc-1.0.3.tgz",
      "integrity": "sha512-ktVLuBkI6QVOm5BwO/WbdGwxgeetAMJa7TTmR8qBarXF0OU2NKjvjUtPJAl2y8t+zBRczJl/1VOl9gua6WcK2g==",
      "cpu": [
        "arm64"
      ],
      "license": "MIT",
      "optional": true,
      "os": [
        "win32"
      ],
      "engines": {
        "node": ">= 10"
      },
      "funding": {
        "type": "github",
        "url": "https://github.com/sponsors/Brooooooklyn"
      }
    },
    "node_modules/@napi-rs/canvas-win32-x64-msvc": {
      "version": "1.0.3",
      "resolved": "https://registry.npmjs.org/@napi-rs/canvas-win32-x64-msvc/-/canvas-win32-x64-msvc-1.0.3.tgz",
      "integrity": "sha512-SGhlQ8bDjL1Cz2KnsKMasr/5sTcwG/SZkB6WCJxLsmSm/3aS2C+3p39bA7iZ2/94+NkVDySZfbiGoaSZSFHYxA==",
      "cpu": [
        "x64"
      ],
      "license": "MIT",
      "optional": true,
      "os": [
        "win32"
      ],
      "engines": {
        "node": ">= 10"
      },
      "funding": {
        "type": "github",
        "url": "https://github.com/sponsors/Brooooooklyn"
      }
    },
    "node_modules/@supabase/auth-js": {
      "version": "2.111.0",
      "resolved": "https://registry.npmjs.org/@supabase/auth-js/-/auth-js-2.111.0.tgz",
      "integrity": "sha512-hbRLgyQZEX0SDyF4LYXpv94qOIQyFATfpT5SIs2V0SisHnisVRkYgiPQWzv80l4S2mO3qof78rmoH9j5zoFsYQ==",
      "license": "MIT",
      "dependencies": {
        "tslib": "2.8.1"
      },
      "engines": {
        "node": ">=22.0.0"
      }
    },
    "node_modules/@supabase/functions-js": {
      "version": "2.111.0",
      "resolved": "https://registry.npmjs.org/@supabase/functions-js/-/functions-js-2.111.0.tgz",
      "integrity": "sha512-RW/OCsd6MO592zU8ifzP8/f8XzxxIdpb+Up5XaOtE26Fw+3zTp475WX7+GuuktiD1WF8pFUDe6khUPbMp77RCw==",
      "license": "MIT",
      "dependencies": {
        "tslib": "2.8.1"
      },
      "engines": {
        "node": ">=22.0.0"
      }
    },
    "node_modules/@supabase/phoenix": {
      "version": "0.4.5",
      "resolved": "https://registry.npmjs.org/@supabase/phoenix/-/phoenix-0.4.5.tgz",
      "integrity": "sha512-aAn9H9ovVyeApKy11OWOrrOGq8DV68yWeH4ud2lN9fzn4aO8Zb5GLL9m1pUg9nLqIcT+ZDfAcsZe0E/nqdv2lw==",
      "license": "MIT"
    },
    "node_modules/@supabase/postgrest-js": {
      "version": "2.111.0",
      "resolved": "https://registry.npmjs.org/@supabase/postgrest-js/-/postgrest-js-2.111.0.tgz",
      "integrity": "sha512-pcqeDsnWP0lx9GawduYxNZJHeuTm53O7L0SC8RF8tniV3GWIPY6me6OTdnwzdwNUmNy1dzUVtSyIfE6+OflzPQ==",
      "license": "MIT",
      "dependencies": {
        "tslib": "2.8.1"
      },
      "engines": {
        "node": ">=22.0.0"
      }
    },
    "node_modules/@supabase/realtime-js": {
      "version": "2.111.0",
      "resolved": "https://registry.npmjs.org/@supabase/realtime-js/-/realtime-js-2.111.0.tgz",
      "integrity": "sha512-6oRf/vZyRwg8f8GbFSJkrD2w4HAu/yTvyMViHXHS+H5hNJzdXCrUR7cP5oW7daT3YlRnzRPY9LcGSJKZAmfMSg==",
      "license": "MIT",
      "dependencies": {
        "@supabase/phoenix": "0.4.5",
        "tslib": "2.8.1"
      },
      "engines": {
        "node": ">=22.0.0"
      }
    },
    "node_modules/@supabase/storage-js": {
      "version": "2.111.0",
      "resolved": "https://registry.npmjs.org/@supabase/storage-js/-/storage-js-2.111.0.tgz",
      "integrity": "sha512-UEViNmTzVOxE8dqUA81wls+n9xgmlvSFfhfwo6QxrO4kQOytCYyw3ciYFoi4XoD4Jl95NJ3jnndHN5iIudWzqw==",
      "license": "MIT",
      "dependencies": {
        "iceberg-js": "^0.8.1",
        "tslib": "2.8.1"
      },
      "engines": {
        "node": ">=22.0.0"
      }
    },
    "node_modules/@supabase/supabase-js": {
      "version": "2.111.0",
      "resolved": "https://registry.npmjs.org/@supabase/supabase-js/-/supabase-js-2.111.0.tgz",
      "integrity": "sha512-9q0/AULthQnWeiDh1vGyjoJZbSY04bu6qHcWit70pqEYn5Kv/dkCPY62Ja1123jEnJbB9Vd2pjY7Kvk/lK3peA==",
      "license": "MIT",
      "dependencies": {
        "@supabase/auth-js": "2.111.0",
        "@supabase/functions-js": "2.111.0",
        "@supabase/postgrest-js": "2.111.0",
        "@supabase/realtime-js": "2.111.0",
        "@supabase/storage-js": "2.111.0"
      },
      "engines": {
        "node": ">=22.0.0"
      }
    },
    "node_modules/iceberg-js": {
      "version": "0.8.1",
      "resolved": "https://registry.npmjs.org/iceberg-js/-/iceberg-js-0.8.1.tgz",
      "integrity": "sha512-1dhVQZXhcHje7798IVM+xoo/1ZdVfzOMIc8/rgVSijRK38EDqOJoGula9N/8ZI5RD8QTxNQtK/Gozpr+qUqRRA==",
      "license": "MIT",
      "engines": {
        "node": ">=20.0.0"
      }
    },
    "node_modules/pdfjs-dist": {
      "version": "6.2.108",
      "resolved": "https://registry.npmjs.org/pdfjs-dist/-/pdfjs-dist-6.2.108.tgz",
      "integrity": "sha512-YxFb+SQcodN2rnX9Tn3dHYlqfb7NjlzzfONPpJd+AKoKtUjEdevTfbC07d5TcczzOK6261auRkP/M8OBHs9vFQ==",
      "license": "Apache-2.0",
      "engines": {
        "node": ">=22.13.0 || >=24"
      },
      "optionalDependencies": {
        "@napi-rs/canvas": "^1.0.0"
      }
    },
    "node_modules/tslib": {
      "version": "2.8.1",
      "resolved": "https://registry.npmjs.org/tslib/-/tslib-2.8.1.tgz",
      "integrity": "sha512-oJFu94HQb+KVduSUQL7wnpmqnfmLsOA/nAh6b6EH0wCEoK0/mPeXU6c3wKDV83MkOuHPRHtSXKKU99IBazS/2w==",
      "license": "0BSD"
    }
  }
}
